
Microsoft Visual Studio Solution File, Format Version 12.00
# Visual Studio Version 17
VisualStudioVersion = 17.14.36603.0 d17.14
MinimumVisualStudioVersion = 10.0.40219.1
Project("{FAE04EC0-301F-11D3-BF4B-00C04F79EFBC}") = "FacadePattern", "FacadePattern.csproj", "{32D450F7-A855-8431-97D3-8B6320A26D61}"
EndProject
Global
	GlobalSection(SolutionConfigurationPlatforms) = preSolution
		Debug|Any CPU = Debug|Any CPU
		Release|Any CPU = Release|Any CPU
	EndGlobalSection
	GlobalSection(ProjectConfigurationPlatforms) = postSolution
		{32D450F7-A855-8431-97D3-8B6320A26D61}.Debug|Any CPU.ActiveCfg = Debug|Any CPU
		{32D450F7-A855-8431-97D3-8B6320A26D61}.Debug|Any CPU.Build.0 = Debug|Any CPU
		{32D450F7-A855-8431-97D3-8B6320A26D61}.Release|Any CPU.ActiveCfg = Release|Any CPU
		{32D450F7-A855-8431-97D3-8B6320A26D61}.Release|Any CPU.Build.0 = Release|Any CPU
	EndGlobalSection
	GlobalSection(SolutionProperties) = preSolution
		HideSolutionNode = FALSE
	EndGlobalSection
	GlobalSection(ExtensibilityGlobals) = postSolution
		SolutionGuid = {471525E1-8A4F-4E94-8A7E-95255EA3250C}
	EndGlobalSection
EndGlobal
